{
  "name": "animation_2024-10-04_21-01_cdt",
  "version": "1.0.0",
  "lockfileVersion": 3,
  "requires": true,
  "packages": {
    "": {
      "name": "animation_2024-10-04_21-01_cdt",
      "version": "1.0.0",
      "license": "ISC",
      "dependencies": {
        "animejs": "^3.2.2",
        "gsap-trial": "^3.12.5"
      }
    },
    "node_modules/animejs": {
      "version": "3.2.2",
      "resolved": "https://registry.npmjs.org/animejs/-/animejs-3.2.2.tgz",
      "integrity": "sha512-Ao95qWLpDPXXM+WrmwcKbl6uNlC5tjnowlaRYtuVDHHoygjtIPfDUoK9NthrlZsQSKjZXlmji2TrBUAVbiH0LQ==",
      "license": "MIT"
    },
    "node_modules/gsap-trial": {
      "version": "3.12.5",
      "resolved": "https://registry.npmjs.org/gsap-trial/-/gsap-trial-3.12.5.tgz",
      "integrity": "sha512-Mdq2sLBq6rt9qje/MoF/hRa/xKfvKOUdllPouU2Fhz1K6mpCk0SOGBDhxCrOrJXZ4O7YFFRFVADKIJVeHdKA8A==",
      "license": "This package should only be used by individuals/companies with an active Club GSAP membership. See https://gsap.com/pricing/. Licensing: https://gsap.com/licensing/"
    }
  }
}
